
Microsoft Visual Studio Solution File, Format Version 12.00
# Visual Studio Version 16
VisualStudioVersion = 16.0.29613.14
MinimumVisualStudioVersion = 10.0.40219.1
Project("{FAE04EC0-301F-11D3-BF4B-00C04F79EFBC}") = "MyLibrary", "MyLibrary\MyLibrary.csproj", "{DC2A3FEA-C88B-474C-99E9-6EE9FD5FC74F}"
EndProject
Project("{FAE04EC0-301F-11D3-BF4B-00C04F79EFBC}") = "Entities_Library", "Entities_Library\Entities_Library.csproj", "{0DE6F7CC-05BC-42C4-A15C-329AFA7EB5C4}"
EndProject
Global
	GlobalSection(SolutionConfigurationPlatforms) = preSolution
		Debug|Any CPU = Debug|Any CPU
		Release|Any CPU = Release|Any CPU
	EndGlobalSection
	GlobalSection(ProjectConfigurationPlatforms) = postSolution
		{DC2A3FEA-C88B-474C-99E9-6EE9FD5FC74F}.Debug|Any CPU.ActiveCfg = Debug|Any CPU
		{DC2A3FEA-C88B-474C-99E9-6EE9FD5FC74F}.Debug|Any CPU.Build.0 = Debug|Any CPU
		{DC2A3FEA-C88B-474C-99E9-6EE9FD5FC74F}.Release|Any CPU.ActiveCfg = Release|Any CPU
		{DC2A3FEA-C88B-474C-99E9-6EE9FD5FC74F}.Release|Any CPU.Build.0 = Release|Any CPU
		{0DE6F7CC-05BC-42C4-A15C-329AFA7EB5C4}.Debug|Any CPU.ActiveCfg = Debug|Any CPU
		{0DE6F7CC-05BC-42C4-A15C-329AFA7EB5C4}.Debug|Any CPU.Build.0 = Debug|Any CPU
		{0DE6F7CC-05BC-42C4-A15C-329AFA7EB5C4}.Release|Any CPU.ActiveCfg = Release|Any CPU
		{0DE6F7CC-05BC-42C4-A15C-329AFA7EB5C4}.Release|Any CPU.Build.0 = Release|Any CPU
	EndGlobalSection
	GlobalSection(SolutionProperties) = preSolution
		HideSolutionNode = FALSE
	EndGlobalSection
	GlobalSection(ExtensibilityGlobals) = postSolution
		SolutionGuid = {9E206DF2-990C-4277-B77E-806110D69FCE}
	EndGlobalSection
EndGlobal
